// !$*UTF8*$!
{
	archiveVersion = 1;
	classes = {
	};
	objectVersion = 77;
	objects = {

/* Begin PBXBuildFile section */
		D19BC3E22D0696E500726104 /* SwiftMatrix in Frameworks */ = {isa = PBXBuildFile; productRef = D19BC3E12D0696E500726104 /* SwiftMatrix */; };
		D1BD44E02D03FCD200C3F34C /* GameColor in Frameworks */ = {isa = PBXBuildFile; productRef = D1BD44DF2D03FCD200C3F34C /* GameColor */; };
		D1BD44E62D03FDC200C3F34C /* Sizeable in Frameworks */ = {isa = PBXBuildFile; productRef = D1BD44E52D03FDC200C3F34C /* Sizeable */; };
		D1EE7AFB2D00B26300E7AEA1 /* MetalView in Frameworks */ = {isa = PBXBuildFile; productRef = D1EE7AFA2D00B26300E7AEA1 /* MetalView */; };
/* End PBXBuildFile section */

/* Begin PBXContainerItemProxy section */
		D1EE7ABF2D00AF3A00E7AEA1 /* PBXContainerItemProxy */ = {
			isa = PBXContainerItemProxy;
			containerPortal = D1EE7AA52D00AF3700E7AEA1 /* Project object */;
			proxyType = 1;
			remoteGlobalIDString = D1EE7AAC2D00AF3700E7AEA1;
			remoteInfo = ECSMetalGameDemo;
		};
		D1EE7AC92D00AF3A00E7AEA1 /* PBXContainerItemProxy */ = {
			isa = PBXContainerItemProxy;
			containerPortal = D1EE7AA52D00AF3700E7AEA1 /* Project object */;
			proxyType = 1;
			remoteGlobalIDString = D1EE7AAC2D00AF3700E7AEA1;
			remoteInfo = ECSMetalGameDemo;
		};
/* End PBXContainerItemProxy section */

/* Begin PBXFileReference section */
		D1EE7AAD2D00AF3700E7AEA1 /* ECSMetalGameDemo.app */ = {isa = PBXFileReference; explicitFileType = wrapper.application; includeInIndex = 0; path = ECSMetalGameDemo.app; sourceTree = BUILT_PRODUCTS_DIR; };
		D1EE7ABE2D00AF3A00E7AEA1 /* ECSMetalGameDemoTests.xctest */ = {isa = PBXFileReference; explicitFileType = wrapper.cfbundle; includeInIndex = 0; path = ECSMetalGameDemoTests.xctest; sourceTree = BUILT_PRODUCTS_DIR; };
		D1EE7AC82D00AF3A00E7AEA1 /* ECSMetalGameDemoUITests.xctest */ = {isa = PBXFileReference; explicitFileType = wrapper.cfbundle; includeInIndex = 0; path = ECSMetalGameDemoUITests.xctest; sourceTree = BUILT_PRODUCTS_DIR; };
/* End PBXFileReference section */

/* Begin PBXFileSystemSynchronizedRootGroup section */
		D1EE7AAF2D00AF3700E7AEA1 /* ECSMetalGameDemo */ = {
			isa = PBXFileSystemSynchronizedRootGroup;
			path = ECSMetalGameDemo;
			sourceTree = "<group>";
		};
		D1EE7AC12D00AF3A00E7AEA1 /* ECSMetalGameDemoTests */ = {
			isa = PBXFileSystemSynchronizedRootGroup;
			path = ECSMetalGameDemoTests;
			sourceTree = "<group>";
		};
		D1EE7ACB2D00AF3A00E7AEA1 /* ECSMetalGameDemoUITests */ = {
			isa = PBXFileSystemSynchronizedRootGroup;
			path = ECSMetalGameDemoUITests;
			sourceTree = "<group>";
		};
/* End PBXFileSystemSynchronizedRootGroup section */

/* Begin PBXFrameworksBuildPhase section */
		D1EE7AAA2D00AF3700E7AEA1 /* Frameworks */ = {
			isa = PBXFrameworksBuildPhase;
			buildActionMask = 2147483647;
			files = (
				D1EE7AFB2D00B26300E7AEA1 /* MetalView in Frameworks */,
				D19BC3E22D0696E500726104 /* SwiftMatrix in Frameworks */,
				D1BD44E02D03FCD200C3F34C /* GameColor in Frameworks */,
				D1BD44E62D03FDC200C3F34C /* Sizeable in Frameworks */,
			);
			runOnlyForDeploymentPostprocessing = 0;
		};
		D1EE7ABB2D00AF3A00E7AEA1 /* Frameworks */ = {
			isa = PBXFrameworksBuildPhase;
			buildActionMask = 2147483647;
			files = (
			);
			runOnlyForDeploymentPostprocessing = 0;
		};
		D1EE7AC52D00AF3A00E7AEA1 /* Frameworks */ = {
			isa = PBXFrameworksBuildPhase;
			buildActionMask = 2147483647;
			files = (
			);
			runOnlyForDeploymentPostprocessing = 0;
		};
/* End PBXFrameworksBuildPhase section */

/* Begin PBXGroup section */
		D1EE7AA42D00AF3700E7AEA1 = {
			isa = PBXGroup;
			children = (
				D1EE7AAF2D00AF3700E7AEA1 /* ECSMetalGameDemo */,
				D1EE7AC12D00AF3A00E7AEA1 /* ECSMetalGameDemoTests */,
				D1EE7ACB2D00AF3A00E7AEA1 /* ECSMetalGameDemoUITests */,
				D1EE7AF92D00B26300E7AEA1 /* Frameworks */,
				D1EE7AAE2D00AF3700E7AEA1 /* Products */,
			);
			sourceTree = "<group>";
		};
		D1EE7AAE2D00AF3700E7AEA1 /* Products */ = {
			isa = PBXGroup;
			children = (
				D1EE7AAD2D00AF3700E7AEA1 /* ECSMetalGameDemo.app */,
				D1EE7ABE2D00AF3A00E7AEA1 /* ECSMetalGameDemoTests.xctest */,
				D1EE7AC82D00AF3A00E7AEA1 /* ECSMetalGameDemoUITests.xctest */,
			);
			name = Products;
			sourceTree = "<group>";
		};
		D1EE7AF92D00B26300E7AEA1 /* Frameworks */ = {
			isa = PBXGroup;
			children = (
			);
			name = Frameworks;
			sourceTree = "<group>";
		};
/* End PBXGroup section */

/* Begin PBXNativeTarget section */
		D1EE7AAC2D00AF3700E7AEA1 /* ECSMetalGameDemo */ = {
			isa = PBXNativeTarget;
			buildConfigurationList = D1EE7AD22D00AF3A00E7AEA1 /* Build configuration list for PBXNativeTarget "ECSMetalGameDemo" */;
			buildPhases = (
				D1EE7AA92D00AF3700E7AEA1 /* Sources */,
				D1EE7AAA2D00AF3700E7AEA1 /* Frameworks */,
				D1EE7AAB2D00AF3700E7AEA1 /* Resources */,
			);
			buildRules = (
			);
			dependencies = (
				D19BC3E42D06970600726104 /* PBXTargetDependency */,
				D1BD44EC2D03FE0D00C3F34C /* PBXTargetDependency */,
				D1BD44E82D03FE0400C3F34C /* PBXTargetDependency */,
				D1EE7AFD2D00B26F00E7AEA1 /* PBXTargetDependency */,
			);
			fileSystemSynchronizedGroups = (
				D1EE7AAF2D00AF3700E7AEA1 /* ECSMetalGameDemo */,
			);
			name = ECSMetalGameDemo;
			packageProductDependencies = (
				D1EE7AFA2D00B26300E7AEA1 /* MetalView */,
				D1BD44DF2D03FCD200C3F34C /* GameColor */,
				D1BD44E52D03FDC200C3F34C /* Sizeable */,
				D19BC3E12D0696E500726104 /* SwiftMatrix */,
			);
			productName = ECSMetalGameDemo;
			productReference = D1EE7AAD2D00AF3700E7AEA1 /* ECSMetalGameDemo.app */;
			productType = "com.apple.product-type.application";
		};
		D1EE7ABD2D00AF3A00E7AEA1 /* ECSMetalGameDemoTests */ = {
			isa = PBXNativeTarget;
			buildConfigurationList = D1EE7AD52D00AF3A00E7AEA1 /* Build configuration list for PBXNativeTarget "ECSMetalGameDemoTests" */;
			buildPhases = (
				D1EE7ABA2D00AF3A00E7AEA1 /* Sources */,
				D1EE7ABB2D00AF3A00E7AEA1 /* Frameworks */,
				D1EE7ABC2D00AF3A00E7AEA1 /* Resources */,
			);
			buildRules = (
			);
			dependencies = (
				D1EE7AC02D00AF3A00E7AEA1 /* PBXTargetDependency */,
			);
			fileSystemSynchronizedGroups = (
				D1EE7AC12D00AF3A00E7AEA1 /* ECSMetalGameDemoTests */,
			);
			name = ECSMetalGameDemoTests;
			packageProductDependencies = (
			);
			productName = ECSMetalGameDemoTests;
			productReference = D1EE7ABE2D00AF3A00E7AEA1 /* ECSMetalGameDemoTests.xctest */;
			productType = "com.apple.product-type.bundle.unit-test";
		};
		D1EE7AC72D00AF3A00E7AEA1 /* ECSMetalGameDemoUITests */ = {
			isa = PBXNativeTarget;
			buildConfigurationList = D1EE7AD82D00AF3A00E7AEA1 /* Build configuration list for PBXNativeTarget "ECSMetalGameDemoUITests" */;
			buildPhases = (
				D1EE7AC42D00AF3A00E7AEA1 /* Sources */,
				D1EE7AC52D00AF3A00E7AEA1 /* Frameworks */,
				D1EE7AC62D00AF3A00E7AEA1 /* Resources */,
			);
			buildRules = (
			);
			dependencies = (
				D1EE7ACA2D00AF3A00E7AEA1 /* PBXTargetDependency */,
			);
			fileSystemSynchronizedGroups = (
				D1EE7ACB2D00AF3A00E7AEA1 /* ECSMetalGameDemoUITests */,
			);
			name = ECSMetalGameDemoUITests;
			packageProductDependencies = (
			);
			productName = ECSMetalGameDemoUITests;
			productReference = D1EE7AC82D00AF3A00E7AEA1 /* ECSMetalGameDemoUITests.xctest */;
			productType = "com.apple.product-type.bundle.ui-testing";
		};
/* End PBXNativeTarget section */

/* Begin PBXProject section */
		D1EE7AA52D00AF3700E7AEA1 /* Project object */ = {
			isa = PBXProject;
			attributes = {
				BuildIndependentTargetsInParallel = 1;
				LastSwiftUpdateCheck = 1610;
				LastUpgradeCheck = 1610;
				TargetAttributes = {
					D1EE7AAC2D00AF3700E7AEA1 = {
						CreatedOnToolsVersion = 16.1;
					};
					D1EE7ABD2D00AF3A00E7AEA1 = {
						CreatedOnToolsVersion = 16.1;
						TestTargetID = D1EE7AAC2D00AF3700E7AEA1;
					};
					D1EE7AC72D00AF3A00E7AEA1 = {
						CreatedOnToolsVersion = 16.1;
						TestTargetID = D1EE7AAC2D00AF3700E7AEA1;
					};
				};
			};
			buildConfigurationList = D1EE7AA82D00AF3700E7AEA1 /* Build configuration list for PBXProject "ECSMetalGameDemo" */;
			developmentRegion = en;
			hasScannedForEncodings = 0;
			knownRegions = (
				en,
				Base,
			);
			mainGroup = D1EE7AA42D00AF3700E7AEA1;
			minimizedProjectReferenceProxies = 1;
			packageReferences = (
				D1EE7AF82D00B24A00E7AEA1 /* XCRemoteSwiftPackageReference "MetalView" */,
				D1BD44DE2D03FCD200C3F34C /* XCRemoteSwiftPackageReference "SwiftGameColor" */,
				D1BD44E42D03FDC200C3F34C /* XCRemoteSwiftPackageReference "Sizeable" */,
				D19BC3E02D0696E500726104 /* XCRemoteSwiftPackageReference "SwiftMatrix" */,
			);
			preferredProjectObjectVersion = 77;
			productRefGroup = D1EE7AAE2D00AF3700E7AEA1 /* Products */;
			projectDirPath = "";
			projectRoot = "";
			targets = (
				D1EE7AAC2D00AF3700E7AEA1 /* ECSMetalGameDemo */,
				D1EE7ABD2D00AF3A00E7AEA1 /* ECSMetalGameDemoTests */,
				D1EE7AC72D00AF3A00E7AEA1 /* ECSMetalGameDemoUITests */,
			);
		};
/* End PBXProject section */

/* Begin PBXResourcesBuildPhase section */
		D1EE7AAB2D00AF3700E7AEA1 /* Resources */ = {
			isa = PBXResourcesBuildPhase;
			buildActionMask = 2147483647;
			files = (
			);
			runOnlyForDeploymentPostprocessing = 0;
		};
		D1EE7ABC2D00AF3A00E7AEA1 /* Resources */ = {
			isa = PBXResourcesBuildPhase;
			buildActionMask = 2147483647;
			files = (
			);
			runOnlyForDeploymentPostprocessing = 0;
		};
		D1EE7AC62D00AF3A00E7AEA1 /* Resources */ = {
			isa = PBXResourcesBuildPhase;
			buildActionMask = 2147483647;
			files = (
			);
			runOnlyForDeploymentPostprocessing = 0;
		};
/* End PBXResourcesBuildPhase section */

/* Begin PBXSourcesBuildPhase section */
		D1EE7AA92D00AF3700E7AEA1 /* Sources */ = {
			isa = PBXSourcesBuildPhase;
			buildActionMask = 2147483647;
			files = (
			);
			runOnlyForDeploymentPostprocessing = 0;
		};
		D1EE7ABA2D00AF3A00E7AEA1 /* Sources */ = {
			isa = PBXSourcesBuildPhase;
			buildActionMask = 2147483647;
			files = (
			);
			runOnlyForDeploymentPostprocessing = 0;
		};
		D1EE7AC42D00AF3A00E7AEA1 /* Sources */ = {
			isa = PBXSourcesBuildPhase;
			buildActionMask = 2147483647;
			files = (
			);
			runOnlyForDeploymentPostprocessing = 0;
		};
/* End PBXSourcesBuildPhase section */

/* Begin PBXTargetDependency section */
		D19BC3E42D06970600726104 /* PBXTargetDependency */ = {
			isa = PBXTargetDependency;
			productRef = D19BC3E32D06970600726104 /* SwiftMatrix */;
		};
		D1BD44E82D03FE0400C3F34C /* PBXTargetDependency */ = {
			isa = PBXTargetDependency;
			productRef = D1BD44E72D03FE0400C3F34C /* GameColor */;
		};
		D1BD44EC2D03FE0D00C3F34C /* PBXTargetDependency */ = {
			isa = PBXTargetDependency;
			productRef = D1BD44EB2D03FE0D00C3F34C /* Sizeable */;
		};
		D1EE7AC02D00AF3A00E7AEA1 /* PBXTargetDependency */ = {
			isa = PBXTargetDependency;
			target = D1EE7AAC2D00AF3700E7AEA1 /* ECSMetalGameDemo */;
			targetProxy = D1EE7ABF2D00AF3A00E7AEA1 /* PBXContainerItemProxy */;
		};
		D1EE7ACA2D00AF3A00E7AEA1 /* PBXTargetDependency */ = {
			isa = PBXTargetDependency;
			target = D1EE7AAC2D00AF3700E7AEA1 /* ECSMetalGameDemo */;
			targetProxy = D1EE7AC92D00AF3A00E7AEA1 /* PBXContainerItemProxy */;
		};
		D1EE7AFD2D00B26F00E7AEA1 /* PBXTargetDependency */ = {
			isa = PBXTargetDependency;
			productRef = D1EE7AFC2D00B26F00E7AEA1 /* MetalView */;
		};
/* End PBXTargetDependency section */

/* Begin XCBuildConfiguration section */
		D1EE7AD02D00AF3A00E7AEA1 /* Debug */ = {
			isa = XCBuildConfiguration;
			buildSettings = {
				ALWAYS_SEARCH_USER_PATHS = NO;
				ASSETCATALOG_COMPILER_GENERATE_SWIFT_ASSET_SYMBOL_EXTENSIONS = YES;
				CLANG_ANALYZER_NONNULL = YES;
				CLANG_ANALYZER_NUMBER_OBJECT_CONVERSION = YES_AGGRESSIVE;
				CLANG_CXX_LANGUAGE_STANDARD = "gnu++20";
				CLANG_ENABLE_MODULES = YES;
				CLANG_ENABLE_OBJC_ARC = YES;
				CLANG_ENABLE_OBJC_WEAK = YES;
				CLANG_WARN_BLOCK_CAPTURE_AUTORELEASING = YES;
				CLANG_WARN_BOOL_CONVERSION = YES;
				CLANG_WARN_COMMA = YES;
				CLANG_WARN_CONSTANT_CONVERSION = YES;
				CLANG_WARN_DEPRECATED_OBJC_IMPLEMENTATIONS = YES;
				CLANG_WARN_DIRECT_OBJC_ISA_USAGE = YES_ERROR;
				CLANG_WARN_DOCUMENTATION_COMMENTS = YES;
				CLANG_WARN_EMPTY_BODY = YES;
				CLANG_WARN_ENUM_CONVERSION = YES;
				CLANG_WARN_INFINITE_RECURSION = YES;
				CLANG_WARN_INT_CONVERSION = YES;
				CLANG_WARN_NON_LITERAL_NULL_CONVERSION = YES;
				CLANG_WARN_OBJC_IMPLICIT_RETAIN_SELF = YES;
				CLANG_WARN_OBJC_LITERAL_CONVERSION = YES;
				CLANG_WARN_OBJC_ROOT_CLASS = YES_ERROR;
				CLANG_WARN_QUOTED_INCLUDE_IN_FRAMEWORK_HEADER = YES;
				CLANG_WARN_RANGE_LOOP_ANALYSIS = YES;
				CLANG_WARN_STRICT_PROTOTYPES = YES;
				CLANG_WARN_SUSPICIOUS_MOVE = YES;
				CLANG_WARN_UNGUARDED_AVAILABILITY = YES_AGGRESSIVE;
				CLANG_WARN_UNREACHABLE_CODE = YES;
				CLANG_WARN__DUPLICATE_METHOD_MATCH = YES;
				COPY_PHASE_STRIP = NO;
				DEBUG_INFORMATION_FORMAT = dwarf;
				ENABLE_STRICT_OBJC_MSGSEND = YES;
				ENABLE_TESTABILITY = YES;
				ENABLE_USER_SCRIPT_SANDBOXING = YES;
				GCC_C_LANGUAGE_STANDARD = gnu17;
				GCC_DYNAMIC_NO_PIC = NO;
				GCC_NO_COMMON_BLOCKS = YES;
				GCC_OPTIMIZATION_LEVEL = 0;
				GCC_PREPROCESSOR_DEFINITIONS = (
					"DEBUG=1",
					"$(inherited)",
				);
				GCC_WARN_64_TO_32_BIT_CONVERSION = YES;
				GCC_WARN_ABOUT_RETURN_TYPE = YES_ERROR;
				GCC_WARN_UNDECLARED_SELECTOR = YES;
				GCC_WARN_UNINITIALIZED_AUTOS = YES_AGGRESSIVE;
				GCC_WARN_UNUSED_FUNCTION = YES;
				GCC_WARN_UNUSED_VARIABLE = YES;
				LOCALIZATION_PREFERS_STRING_CATALOGS = YES;
				MACOSX_DEPLOYMENT_TARGET = 15.0;
				MTL_ENABLE_DEBUG_INFO = INCLUDE_SOURCE;
				MTL_FAST_MATH = YES;
				ONLY_ACTIVE_ARCH = YES;
				SDKROOT = macosx;
				SWIFT_ACTIVE_COMPILATION_CONDITIONS = "DEBUG $(inherited)";
				SWIFT_OPTIMIZATION_LEVEL = "-Onone";
			};
			name = Debug;
		};
		D1EE7AD12D00AF3A00E7AEA1 /* Release */ = {
			isa = XCBuildConfiguration;
			buildSettings = {
				ALWAYS_SEARCH_USER_PATHS = NO;
				ASSETCATALOG_COMPILER_GENERATE_SWIFT_ASSET_SYMBOL_EXTENSIONS = YES;
				CLANG_ANALYZER_NONNULL = YES;
				CLANG_ANALYZER_NUMBER_OBJECT_CONVERSION = YES_AGGRESSIVE;
				CLANG_CXX_LANGUAGE_STANDARD = "gnu++20";
				CLANG_ENABLE_MODULES = YES;
				CLANG_ENABLE_OBJC_ARC = YES;
				CLANG_ENABLE_OBJC_WEAK = YES;
				CLANG_WARN_BLOCK_CAPTURE_AUTORELEASING = YES;
				CLANG_WARN_BOOL_CONVERSION = YES;
				CLANG_WARN_COMMA = YES;
				CLANG_WARN_CONSTANT_CONVERSION = YES;
				CLANG_WARN_DEPRECATED_OBJC_IMPLEMENTATIONS = YES;
				CLANG_WARN_DIRECT_OBJC_ISA_USAGE = YES_ERROR;
				CLANG_WARN_DOCUMENTATION_COMMENTS = YES;
				CLANG_WARN_EMPTY_BODY = YES;
				CLANG_WARN_ENUM_CONVERSION = YES;
				CLANG_WARN_INFINITE_RECURSION = YES;
				CLANG_WARN_INT_CONVERSION = YES;
				CLANG_WARN_NON_LITERAL_NULL_CONVERSION = YES;
				CLANG_WARN_OBJC_IMPLICIT_RETAIN_SELF = YES;
				CLANG_WARN_OBJC_LITERAL_CONVERSION = YES;
				CLANG_WARN_OBJC_ROOT_CLASS = YES_ERROR;
				CLANG_WARN_QUOTED_INCLUDE_IN_FRAMEWORK_HEADER = YES;
				CLANG_WARN_RANGE_LOOP_ANALYSIS = YES;
				CLANG_WARN_STRICT_PROTOTYPES = YES;
				CLANG_WARN_SUSPICIOUS_MOVE = YES;
				CLANG_WARN_UNGUARDED_AVAILABILITY = YES_AGGRESSIVE;
				CLANG_WARN_UNREACHABLE_CODE = YES;
				CLANG_WARN__DUPLICATE_METHOD_MATCH = YES;
				COPY_PHASE_STRIP = NO;
				DEBUG_INFORMATION_FORMAT = "dwarf-with-dsym";
				ENABLE_NS_ASSERTIONS = NO;
				ENABLE_STRICT_OBJC_MSGSEND = YES;
				ENABLE_USER_SCRIPT_SANDBOXING = YES;
				GCC_C_LANGUAGE_STANDARD = gnu17;
				GCC_NO_COMMON_BLOCKS = YES;
				GCC_WARN_64_TO_32_BIT_CONVERSION = YES;
				GCC_WARN_ABOUT_RETURN_TYPE = YES_ERROR;
				GCC_WARN_UNDECLARED_SELECTOR = YES;
				GCC_WARN_UNINITIALIZED_AUTOS = YES_AGGRESSIVE;
				GCC_WARN_UNUSED_FUNCTION = YES;
				GCC_WARN_UNUSED_VARIABLE = YES;
				LOCALIZATION_PREFERS_STRING_CATALOGS = YES;
				MACOSX_DEPLOYMENT_TARGET = 15.0;
				MTL_ENABLE_DEBUG_INFO = NO;
				MTL_FAST_MATH = YES;
				SDKROOT = macosx;
				SWIFT_COMPILATION_MODE = wholemodule;
			};
			name = Release;
		};
		D1EE7AD32D00AF3A00E7AEA1 /* Debug */ = {
			isa = XCBuildConfiguration;
			buildSettings = {
				ASSETCATALOG_COMPILER_APPICON_NAME = AppIcon;
				ASSETCATALOG_COMPILER_GLOBAL_ACCENT_COLOR_NAME = AccentColor;
				CODE_SIGN_ENTITLEMENTS = ECSMetalGameDemo/ECSMetalGameDemo.entitlements;
				CODE_SIGN_STYLE = Automatic;
				COMBINE_HIDPI_IMAGES = YES;
				CURRENT_PROJECT_VERSION = 1;
				DEVELOPMENT_ASSET_PATHS = "\"ECSMetalGameDemo/Preview Content\"";
				ENABLE_PREVIEWS = YES;
				GENERATE_INFOPLIST_FILE = YES;
				INFOPLIST_KEY_NSHumanReadableCopyright = "";
				LD_RUNPATH_SEARCH_PATHS = (
					"$(inherited)",
					"@executable_path/../Frameworks",
				);
				MARKETING_VERSION = 1.0;
				PRODUCT_BUNDLE_IDENTIFIER = com.nunemaker.ECSMetalGameDemo;
				PRODUCT_NAME = "$(TARGET_NAME)";
				SWIFT_EMIT_LOC_STRINGS = YES;
				SWIFT_VERSION = 5.0;
			};
			name = Debug;
		};
		D1EE7AD42D00AF3A00E7AEA1 /* Release */ = {
			isa = XCBuildConfiguration;
			buildSettings = {
				ASSETCATALOG_COMPILER_APPICON_NAME = AppIcon;
				ASSETCATALOG_COMPILER_GLOBAL_ACCENT_COLOR_NAME = AccentColor;
				CODE_SIGN_ENTITLEMENTS = ECSMetalGameDemo/ECSMetalGameDemo.entitlements;
				CODE_SIGN_STYLE = Automatic;
				COMBINE_HIDPI_IMAGES = YES;
				CURRENT_PROJECT_VERSION = 1;
				DEVELOPMENT_ASSET_PATHS = "\"ECSMetalGameDemo/Preview Content\"";
				ENABLE_PREVIEWS = YES;
				GENERATE_INFOPLIST_FILE = YES;
				INFOPLIST_KEY_NSHumanReadableCopyright = "";
				LD_RUNPATH_SEARCH_PATHS = (
					"$(inherited)",
					"@executable_path/../Frameworks",
				);
				MARKETING_VERSION = 1.0;
				PRODUCT_BUNDLE_IDENTIFIER = com.nunemaker.ECSMetalGameDemo;
				PRODUCT_NAME = "$(TARGET_NAME)";
				SWIFT_EMIT_LOC_STRINGS = YES;
				SWIFT_VERSION = 5.0;
			};
			name = Release;
		};
		D1EE7AD62D00AF3A00E7AEA1 /* Debug */ = {
			isa = XCBuildConfiguration;
			buildSettings = {
				BUNDLE_LOADER = "$(TEST_HOST)";
				CODE_SIGN_STYLE = Automatic;
				CURRENT_PROJECT_VERSION = 1;
				GENERATE_INFOPLIST_FILE = YES;
				MACOSX_DEPLOYMENT_TARGET = 15.0;
				MARKETING_VERSION = 1.0;
				PRODUCT_BUNDLE_IDENTIFIER = com.nunemaker.ECSMetalGameDemoTests;
				PRODUCT_NAME = "$(TARGET_NAME)";
				SWIFT_EMIT_LOC_STRINGS = NO;
				SWIFT_VERSION = 5.0;
				TEST_HOST = "$(BUILT_PRODUCTS_DIR)/ECSMetalGameDemo.app/$(BUNDLE_EXECUTABLE_FOLDER_PATH)/ECSMetalGameDemo";
			};
			name = Debug;
		};
		D1EE7AD72D00AF3A00E7AEA1 /* Release */ = {
			isa = XCBuildConfiguration;
			buildSettings = {
				BUNDLE_LOADER = "$(TEST_HOST)";
				CODE_SIGN_STYLE = Automatic;
				CURRENT_PROJECT_VERSION = 1;
				GENERATE_INFOPLIST_FILE = YES;
				MACOSX_DEPLOYMENT_TARGET = 15.0;
				MARKETING_VERSION = 1.0;
				PRODUCT_BUNDLE_IDENTIFIER = com.nunemaker.ECSMetalGameDemoTests;
				PRODUCT_NAME = "$(TARGET_NAME)";
				SWIFT_EMIT_LOC_STRINGS = NO;
				SWIFT_VERSION = 5.0;
				TEST_HOST = "$(BUILT_PRODUCTS_DIR)/ECSMetalGameDemo.app/$(BUNDLE_EXECUTABLE_FOLDER_PATH)/ECSMetalGameDemo";
			};
			name = Release;
		};
		D1EE7AD92D00AF3A00E7AEA1 /* Debug */ = {
			isa = XCBuildConfiguration;
			buildSettings = {
				CODE_SIGN_STYLE = Automatic;
				CURRENT_PROJECT_VERSION = 1;
				GENERATE_INFOPLIST_FILE = YES;
				MARKETING_VERSION = 1.0;
				PRODUCT_BUNDLE_IDENTIFIER = com.nunemaker.ECSMetalGameDemoUITests;
				PRODUCT_NAME = "$(TARGET_NAME)";
				SWIFT_EMIT_LOC_STRINGS = NO;
				SWIFT_VERSION = 5.0;
				TEST_TARGET_NAME = ECSMetalGameDemo;
			};
			name = Debug;
		};
		D1EE7ADA2D00AF3A00E7AEA1 /* Release */ = {
			isa = XCBuildConfiguration;
			buildSettings = {
				CODE_SIGN_STYLE = Automatic;
				CURRENT_PROJECT_VERSION = 1;
				GENERATE_INFOPLIST_FILE = YES;
				MARKETING_VERSION = 1.0;
				PRODUCT_BUNDLE_IDENTIFIER = com.nunemaker.ECSMetalGameDemoUITests;
				PRODUCT_NAME = "$(TARGET_NAME)";
				SWIFT_EMIT_LOC_STRINGS = NO;
				SWIFT_VERSION = 5.0;
				TEST_TARGET_NAME = ECSMetalGameDemo;
			};
			name = Release;
		};
/* End XCBuildConfiguration section */

/* Begin XCConfigurationList section */
		D1EE7AA82D00AF3700E7AEA1 /* Build configuration list for PBXProject "ECSMetalGameDemo" */ = {
			isa = XCConfigurationList;
			buildConfigurations = (
				D1EE7AD02D00AF3A00E7AEA1 /* Debug */,
				D1EE7AD12D00AF3A00E7AEA1 /* Release */,
			);
			defaultConfigurationIsVisible = 0;
			defaultConfigurationName = Release;
		};
		D1EE7AD22D00AF3A00E7AEA1 /* Build configuration list for PBXNativeTarget "ECSMetalGameDemo" */ = {
			isa = XCConfigurationList;
			buildConfigurations = (
				D1EE7AD32D00AF3A00E7AEA1 /* Debug */,
				D1EE7AD42D00AF3A00E7AEA1 /* Release */,
			);
			defaultConfigurationIsVisible = 0;
			defaultConfigurationName = Release;
		};
		D1EE7AD52D00AF3A00E7AEA1 /* Build configuration list for PBXNativeTarget "ECSMetalGameDemoTests" */ = {
			isa = XCConfigurationList;
			buildConfigurations = (
				D1EE7AD62D00AF3A00E7AEA1 /* Debug */,
				D1EE7AD72D00AF3A00E7AEA1 /* Release */,
			);
			defaultConfigurationIsVisible = 0;
			defaultConfigurationName = Release;
		};
		D1EE7AD82D00AF3A00E7AEA1 /* Build configuration list for PBXNativeTarget "ECSMetalGameDemoUITests" */ = {
			isa = XCConfigurationList;
			buildConfigurations = (
				D1EE7AD92D00AF3A00E7AEA1 /* Debug */,
				D1EE7ADA2D00AF3A00E7AEA1 /* Release */,
			);
			defaultConfigurationIsVisible = 0;
			defaultConfigurationName = Release;
		};
/* End XCConfigurationList section */

/* Begin XCRemoteSwiftPackageReference section */
		D19BC3E02D0696E500726104 /* XCRemoteSwiftPackageReference "SwiftMatrix" */ = {
			isa = XCRemoteSwiftPackageReference;
			repositoryURL = "https://github.com/blueyds/SwiftMatrix";
			requirement = {
				kind = upToNextMajorVersion;
				minimumVersion = 1.0.9;
			};
		};
		D1BD44DE2D03FCD200C3F34C /* XCRemoteSwiftPackageReference "SwiftGameColor" */ = {
			isa = XCRemoteSwiftPackageReference;
			repositoryURL = "https://github.com/blueyds/SwiftGameColor.git";
			requirement = {
				kind = upToNextMajorVersion;
				minimumVersion = 1.0.2;
			};
		};
		D1BD44E42D03FDC200C3F34C /* XCRemoteSwiftPackageReference "Sizeable" */ = {
			isa = XCRemoteSwiftPackageReference;
			repositoryURL = "https://github.com/blueyds/Sizeable.git";
			requirement = {
				kind = upToNextMajorVersion;
				minimumVersion = 1.0.0;
			};
		};
		D1EE7AF82D00B24A00E7AEA1 /* XCRemoteSwiftPackageReference "MetalView" */ = {
			isa = XCRemoteSwiftPackageReference;
			repositoryURL = "https://github.com/blueyds/MetalView.git";
			requirement = {
				kind = upToNextMajorVersion;
				minimumVersion = 6.0.11;
			};
		};
/* End XCRemoteSwiftPackageReference section */

/* Begin XCSwiftPackageProductDependency section */
		D19BC3E12D0696E500726104 /* SwiftMatrix */ = {
			isa = XCSwiftPackageProductDependency;
			package = D19BC3E02D0696E500726104 /* XCRemoteSwiftPackageReference "SwiftMatrix" */;
			productName = SwiftMatrix;
		};
		D19BC3E32D06970600726104 /* SwiftMatrix */ = {
			isa = XCSwiftPackageProductDependency;
			package = D19BC3E02D0696E500726104 /* XCRemoteSwiftPackageReference "SwiftMatrix" */;
			productName = SwiftMatrix;
		};
		D1BD44DF2D03FCD200C3F34C /* GameColor */ = {
			isa = XCSwiftPackageProductDependency;
			package = D1BD44DE2D03FCD200C3F34C /* XCRemoteSwiftPackageReference "SwiftGameColor" */;
			productName = GameColor;
		};
		D1BD44E52D03FDC200C3F34C /* Sizeable */ = {
			isa = XCSwiftPackageProductDependency;
			package = D1BD44E42D03FDC200C3F34C /* XCRemoteSwiftPackageReference "Sizeable" */;
			productName = Sizeable;
		};
		D1BD44E72D03FE0400C3F34C /* GameColor */ = {
			isa = XCSwiftPackageProductDependency;
			package = D1BD44DE2D03FCD200C3F34C /* XCRemoteSwiftPackageReference "SwiftGameColor" */;
			productName = GameColor;
		};
		D1BD44EB2D03FE0D00C3F34C /* Sizeable */ = {
			isa = XCSwiftPackageProductDependency;
			package = D1BD44E42D03FDC200C3F34C /* XCRemoteSwiftPackageReference "Sizeable" */;
			productName = Sizeable;
		};
		D1EE7AFA2D00B26300E7AEA1 /* MetalView */ = {
			isa = XCSwiftPackageProductDependency;
			package = D1EE7AF82D00B24A00E7AEA1 /* XCRemoteSwiftPackageReference "MetalView" */;
			productName = MetalView;
		};
		D1EE7AFC2D00B26F00E7AEA1 /* MetalView */ = {
			isa = XCSwiftPackageProductDependency;
			package = D1EE7AF82D00B24A00E7AEA1 /* XCRemoteSwiftPackageReference "MetalView" */;
			productName = MetalView;
		};
/* End XCSwiftPackageProductDependency section */
	};
	rootObject = D1EE7AA52D00AF3700E7AEA1 /* Project object */;
}
